
Microsoft Visual Studio Solution File, Format Version 12.00
# Visual Studio Version 17
VisualStudioVersion = 17.8.34525.116
MinimumVisualStudioVersion = 10.0.40219.1
Project("{FAE04EC0-301F-11D3-BF4B-00C04F79EFBC}") = "MauiEquacaoSegundoGrau", "MauiEquacaoSegundoGrau\MauiEquacaoSegundoGrau.csproj", "{93FAB4F9-468B-4334-A8D3-AA458814ADBF}"
EndProject
Global
	GlobalSection(SolutionConfigurationPlatforms) = preSolution
		Debug|Any CPU = Debug|Any CPU
		Release|Any CPU = Release|Any CPU
	EndGlobalSection
	GlobalSection(ProjectConfigurationPlatforms) = postSolution
		{93FAB4F9-468B-4334-A8D3-AA458814ADBF}.Debug|Any CPU.ActiveCfg = Debug|Any CPU
		{93FAB4F9-468B-4334-A8D3-AA458814ADBF}.Debug|Any CPU.Build.0 = Debug|Any CPU
		{93FAB4F9-468B-4334-A8D3-AA458814ADBF}.Debug|Any CPU.Deploy.0 = Debug|Any CPU
		{93FAB4F9-468B-4334-A8D3-AA458814ADBF}.Release|Any CPU.ActiveCfg = Release|Any CPU
		{93FAB4F9-468B-4334-A8D3-AA458814ADBF}.Release|Any CPU.Build.0 = Release|Any CPU
		{93FAB4F9-468B-4334-A8D3-AA458814ADBF}.Release|Any CPU.Deploy.0 = Release|Any CPU
	EndGlobalSection
	GlobalSection(SolutionProperties) = preSolution
		HideSolutionNode = FALSE
	EndGlobalSection
	GlobalSection(ExtensibilityGlobals) = postSolution
		SolutionGuid = {7C4612F3-A090-4FFC-A0F3-E789C0F5CC1A}
	EndGlobalSection
EndGlobal
